
Microsoft Visual Studio Solution File, Format Version 12.00
# Visual Studio 14
VisualStudioVersion = 14.0.23107.0
MinimumVisualStudioVersion = 10.0.40219.1
Project("{FAE04EC0-301F-11D3-BF4B-00C04F79EFBC}") = "NCAA-Scraper", "NCAA-Scraper\NCAA-Scraper.csproj", "{1F357916-6001-4C46-B6FE-C2355855154C}"
EndProject
Project("{FAE04EC0-301F-11D3-BF4B-00C04F79EFBC}") = "NCAA-Scraper.test", "NCAA-Scraper.test\NCAA-Scraper.test.csproj", "{916584C5-35DF-4305-AC0A-4158AD70128E}"
EndProject
Global
	GlobalSection(SolutionConfigurationPlatforms) = preSolution
		Debug|Any CPU = Debug|Any CPU
		Release|Any CPU = Release|Any CPU
	EndGlobalSection
	GlobalSection(ProjectConfigurationPlatforms) = postSolution
		{1F357916-6001-4C46-B6FE-C2355855154C}.Debug|Any CPU.ActiveCfg = Debug|Any CPU
		{1F357916-6001-4C46-B6FE-C2355855154C}.Debug|Any CPU.Build.0 = Debug|Any CPU
		{1F357916-6001-4C46-B6FE-C2355855154C}.Release|Any CPU.ActiveCfg = Release|Any CPU
		{1F357916-6001-4C46-B6FE-C2355855154C}.Release|Any CPU.Build.0 = Release|Any CPU
		{916584C5-35DF-4305-AC0A-4158AD70128E}.Debug|Any CPU.ActiveCfg = Debug|Any CPU
		{916584C5-35DF-4305-AC0A-4158AD70128E}.Debug|Any CPU.Build.0 = Debug|Any CPU
		{916584C5-35DF-4305-AC0A-4158AD70128E}.Release|Any CPU.ActiveCfg = Release|Any CPU
		{916584C5-35DF-4305-AC0A-4158AD70128E}.Release|Any CPU.Build.0 = Release|Any CPU
	EndGlobalSection
	GlobalSection(SolutionProperties) = preSolution
		HideSolutionNode = FALSE
	EndGlobalSection
EndGlobal
